
Microsoft Visual Studio Solution File, Format Version 12.00
# Visual Studio Version 17
VisualStudioVersion = 17.7.34024.191
MinimumVisualStudioVersion = 10.0.40219.1
Project("{8BC9CEB8-8B4A-11D0-8D11-00A0C91BC942}") = "Core2.3", "Core2.3\Core2.3.vcxproj", "{C9749554-4591-4BFB-91F8-F3B1EFB5B1FD}"
EndProject
Global
	GlobalSection(SolutionConfigurationPlatforms) = preSolution
		Debug|x64 = Debug|x64
		Debug|x86 = Debug|x86
		Release|x64 = Release|x64
		Release|x86 = Release|x86
	EndGlobalSection
	GlobalSection(ProjectConfigurationPlatforms) = postSolution
		{C9749554-4591-4BFB-91F8-F3B1EFB5B1FD}.Debug|x64.ActiveCfg = Debug|x64
		{C9749554-4591-4BFB-91F8-F3B1EFB5B1FD}.Debug|x64.Build.0 = Debug|x64
		{C9749554-4591-4BFB-91F8-F3B1EFB5B1FD}.Debug|x86.ActiveCfg = Debug|Win32
		{C9749554-4591-4BFB-91F8-F3B1EFB5B1FD}.Debug|x86.Build.0 = Debug|Win32
		{C9749554-4591-4BFB-91F8-F3B1EFB5B1FD}.Release|x64.ActiveCfg = Release|x64
		{C9749554-4591-4BFB-91F8-F3B1EFB5B1FD}.Release|x64.Build.0 = Release|x64
		{C9749554-4591-4BFB-91F8-F3B1EFB5B1FD}.Release|x86.ActiveCfg = Release|Win32
		{C9749554-4591-4BFB-91F8-F3B1EFB5B1FD}.Release|x86.Build.0 = Release|Win32
	EndGlobalSection
	GlobalSection(SolutionProperties) = preSolution
		HideSolutionNode = FALSE
	EndGlobalSection
	GlobalSection(ExtensibilityGlobals) = postSolution
		SolutionGuid = {57268603-F069-4083-BFAB-0F8F6FCD9B28}
	EndGlobalSection
EndGlobal
