
Microsoft Visual Studio Solution File, Format Version 12.00
# Visual Studio Version 17
VisualStudioVersion = 17.7.34024.191
MinimumVisualStudioVersion = 10.0.40219.1
Project("{8BC9CEB8-8B4A-11D0-8D11-00A0C91BC942}") = "5.1.2", "5.1.2\5.1.2.vcxproj", "{B1191FEE-7268-43E0-93D5-D1CCC01A5586}"
EndProject
Global
	GlobalSection(SolutionConfigurationPlatforms) = preSolution
		Debug|x64 = Debug|x64
		Debug|x86 = Debug|x86
		Release|x64 = Release|x64
		Release|x86 = Release|x86
	EndGlobalSection
	GlobalSection(ProjectConfigurationPlatforms) = postSolution
		{B1191FEE-7268-43E0-93D5-D1CCC01A5586}.Debug|x64.ActiveCfg = Debug|x64
		{B1191FEE-7268-43E0-93D5-D1CCC01A5586}.Debug|x64.Build.0 = Debug|x64
		{B1191FEE-7268-43E0-93D5-D1CCC01A5586}.Debug|x86.ActiveCfg = Debug|Win32
		{B1191FEE-7268-43E0-93D5-D1CCC01A5586}.Debug|x86.Build.0 = Debug|Win32
		{B1191FEE-7268-43E0-93D5-D1CCC01A5586}.Release|x64.ActiveCfg = Release|x64
		{B1191FEE-7268-43E0-93D5-D1CCC01A5586}.Release|x64.Build.0 = Release|x64
		{B1191FEE-7268-43E0-93D5-D1CCC01A5586}.Release|x86.ActiveCfg = Release|Win32
		{B1191FEE-7268-43E0-93D5-D1CCC01A5586}.Release|x86.Build.0 = Release|Win32
	EndGlobalSection
	GlobalSection(SolutionProperties) = preSolution
		HideSolutionNode = FALSE
	EndGlobalSection
	GlobalSection(ExtensibilityGlobals) = postSolution
		SolutionGuid = {3A410C45-643C-42DB-B73E-A4D628D2E66B}
	EndGlobalSection
EndGlobal
