
Microsoft Visual Studio Solution File, Format Version 12.00
# Visual Studio Version 17
VisualStudioVersion = 17.7.34024.191
MinimumVisualStudioVersion = 10.0.40219.1
Project("{8BC9CEB8-8B4A-11D0-8D11-00A0C91BC942}") = "6.4", "6.4\6.4.vcxproj", "{DCECCC26-F328-4A80-994B-D12FE64AA82A}"
EndProject
Global
	GlobalSection(SolutionConfigurationPlatforms) = preSolution
		Debug|x64 = Debug|x64
		Debug|x86 = Debug|x86
		Release|x64 = Release|x64
		Release|x86 = Release|x86
	EndGlobalSection
	GlobalSection(ProjectConfigurationPlatforms) = postSolution
		{DCECCC26-F328-4A80-994B-D12FE64AA82A}.Debug|x64.ActiveCfg = Debug|x64
		{DCECCC26-F328-4A80-994B-D12FE64AA82A}.Debug|x64.Build.0 = Debug|x64
		{DCECCC26-F328-4A80-994B-D12FE64AA82A}.Debug|x86.ActiveCfg = Debug|Win32
		{DCECCC26-F328-4A80-994B-D12FE64AA82A}.Debug|x86.Build.0 = Debug|Win32
		{DCECCC26-F328-4A80-994B-D12FE64AA82A}.Release|x64.ActiveCfg = Release|x64
		{DCECCC26-F328-4A80-994B-D12FE64AA82A}.Release|x64.Build.0 = Release|x64
		{DCECCC26-F328-4A80-994B-D12FE64AA82A}.Release|x86.ActiveCfg = Release|Win32
		{DCECCC26-F328-4A80-994B-D12FE64AA82A}.Release|x86.Build.0 = Release|Win32
	EndGlobalSection
	GlobalSection(SolutionProperties) = preSolution
		HideSolutionNode = FALSE
	EndGlobalSection
	GlobalSection(ExtensibilityGlobals) = postSolution
		SolutionGuid = {A94DD834-8E88-4C27-ADDA-7FE2C63C3F15}
	EndGlobalSection
EndGlobal
